
Microsoft Visual Studio Solution File, Format Version 12.00
# Visual Studio 14
VisualStudioVersion = 14.0.25420.1
MinimumVisualStudioVersion = 10.0.40219.1
Project("{FAE04EC0-301F-11D3-BF4B-00C04F79EFBC}") = "HugeNumber", "HugeNumber\HugeNumber.csproj", "{6A5CA523-7A91-45B6-AD0D-3E7CBD7647E2}"
EndProject
Project("{FAE04EC0-301F-11D3-BF4B-00C04F79EFBC}") = "HugeNumberTest", "HugeNumberTest\HugeNumberTest.csproj", "{92D0DFC0-9913-47E9-B8B7-BCC7DF3A8E01}"
EndProject
Project("{8BC9CEB8-8B4A-11D0-8D11-00A0C91BC942}") = "HugeNumberCPP", "HugeNumberCPP\HugeNumberCPP.vcxproj", "{AE0E1E75-1796-47E4-90DA-6EFC29E89A9C}"
EndProject
Project("{8BC9CEB8-8B4A-11D0-8D11-00A0C91BC942}") = "HugeNumberCppTests", "HugeNumberCppTests\HugeNumberCppTests.vcxproj", "{00AC6316-4CFA-4E74-8B19-F44CC0824CC5}"
EndProject
Project("{8BC9CEB8-8B4A-11D0-8D11-00A0C91BC942}") = "HugeNumberLib", "HugeNumberLib\HubeNumberLib.vcxproj", "{3576AF1A-99FA-457E-9FBD-9686ECBA8788}"
EndProject
Global
	GlobalSection(SolutionConfigurationPlatforms) = preSolution
		Debug|Any CPU = Debug|Any CPU
		Debug|ARM = Debug|ARM
		Debug|x64 = Debug|x64
		Debug|x86 = Debug|x86
		Release|Any CPU = Release|Any CPU
		Release|ARM = Release|ARM
		Release|x64 = Release|x64
		Release|x86 = Release|x86
	EndGlobalSection
	GlobalSection(ProjectConfigurationPlatforms) = postSolution
		{6A5CA523-7A91-45B6-AD0D-3E7CBD7647E2}.Debug|Any CPU.ActiveCfg = Debug|Any CPU
		{6A5CA523-7A91-45B6-AD0D-3E7CBD7647E2}.Debug|Any CPU.Build.0 = Debug|Any CPU
		{6A5CA523-7A91-45B6-AD0D-3E7CBD7647E2}.Debug|ARM.ActiveCfg = Debug|Any CPU
		{6A5CA523-7A91-45B6-AD0D-3E7CBD7647E2}.Debug|ARM.Build.0 = Debug|Any CPU
		{6A5CA523-7A91-45B6-AD0D-3E7CBD7647E2}.Debug|x64.ActiveCfg = Debug|Any CPU
		{6A5CA523-7A91-45B6-AD0D-3E7CBD7647E2}.Debug|x64.Build.0 = Debug|Any CPU
		{6A5CA523-7A91-45B6-AD0D-3E7CBD7647E2}.Debug|x86.ActiveCfg = Debug|Any CPU
		{6A5CA523-7A91-45B6-AD0D-3E7CBD7647E2}.Debug|x86.Build.0 = Debug|Any CPU
		{6A5CA523-7A91-45B6-AD0D-3E7CBD7647E2}.Release|Any CPU.ActiveCfg = Release|Any CPU
		{6A5CA523-7A91-45B6-AD0D-3E7CBD7647E2}.Release|Any CPU.Build.0 = Release|Any CPU
		{6A5CA523-7A91-45B6-AD0D-3E7CBD7647E2}.Release|ARM.ActiveCfg = Release|Any CPU
		{6A5CA523-7A91-45B6-AD0D-3E7CBD7647E2}.Release|ARM.Build.0 = Release|Any CPU
		{6A5CA523-7A91-45B6-AD0D-3E7CBD7647E2}.Release|x64.ActiveCfg = Release|Any CPU
		{6A5CA523-7A91-45B6-AD0D-3E7CBD7647E2}.Release|x64.Build.0 = Release|Any CPU
		{6A5CA523-7A91-45B6-AD0D-3E7CBD7647E2}.Release|x86.ActiveCfg = Release|Any CPU
		{6A5CA523-7A91-45B6-AD0D-3E7CBD7647E2}.Release|x86.Build.0 = Release|Any CPU
		{92D0DFC0-9913-47E9-B8B7-BCC7DF3A8E01}.Debug|Any CPU.ActiveCfg = Debug|Any CPU
		{92D0DFC0-9913-47E9-B8B7-BCC7DF3A8E01}.Debug|Any CPU.Build.0 = Debug|Any CPU
		{92D0DFC0-9913-47E9-B8B7-BCC7DF3A8E01}.Debug|ARM.ActiveCfg = Debug|Any CPU
		{92D0DFC0-9913-47E9-B8B7-BCC7DF3A8E01}.Debug|ARM.Build.0 = Debug|Any CPU
		{92D0DFC0-9913-47E9-B8B7-BCC7DF3A8E01}.Debug|x64.ActiveCfg = Debug|Any CPU
		{92D0DFC0-9913-47E9-B8B7-BCC7DF3A8E01}.Debug|x64.Build.0 = Debug|Any CPU
		{92D0DFC0-9913-47E9-B8B7-BCC7DF3A8E01}.Debug|x86.ActiveCfg = Debug|Any CPU
		{92D0DFC0-9913-47E9-B8B7-BCC7DF3A8E01}.Debug|x86.Build.0 = Debug|Any CPU
		{92D0DFC0-9913-47E9-B8B7-BCC7DF3A8E01}.Release|Any CPU.ActiveCfg = Release|Any CPU
		{92D0DFC0-9913-47E9-B8B7-BCC7DF3A8E01}.Release|Any CPU.Build.0 = Release|Any CPU
		{92D0DFC0-9913-47E9-B8B7-BCC7DF3A8E01}.Release|ARM.ActiveCfg = Release|Any CPU
		{92D0DFC0-9913-47E9-B8B7-BCC7DF3A8E01}.Release|ARM.Build.0 = Release|Any CPU
		{92D0DFC0-9913-47E9-B8B7-BCC7DF3A8E01}.Release|x64.ActiveCfg = Release|Any CPU
		{92D0DFC0-9913-47E9-B8B7-BCC7DF3A8E01}.Release|x64.Build.0 = Release|Any CPU
		{92D0DFC0-9913-47E9-B8B7-BCC7DF3A8E01}.Release|x86.ActiveCfg = Release|Any CPU
		{92D0DFC0-9913-47E9-B8B7-BCC7DF3A8E01}.Release|x86.Build.0 = Release|Any CPU
		{AE0E1E75-1796-47E4-90DA-6EFC29E89A9C}.Debug|Any CPU.ActiveCfg = Debug|Win32
		{AE0E1E75-1796-47E4-90DA-6EFC29E89A9C}.Debug|ARM.ActiveCfg = Debug|Win32
		{AE0E1E75-1796-47E4-90DA-6EFC29E89A9C}.Debug|x64.ActiveCfg = Debug|x64
		{AE0E1E75-1796-47E4-90DA-6EFC29E89A9C}.Debug|x64.Build.0 = Debug|x64
		{AE0E1E75-1796-47E4-90DA-6EFC29E89A9C}.Debug|x86.ActiveCfg = Debug|Win32
		{AE0E1E75-1796-47E4-90DA-6EFC29E89A9C}.Debug|x86.Build.0 = Debug|Win32
		{AE0E1E75-1796-47E4-90DA-6EFC29E89A9C}.Release|Any CPU.ActiveCfg = Release|Win32
		{AE0E1E75-1796-47E4-90DA-6EFC29E89A9C}.Release|ARM.ActiveCfg = Release|Win32
		{AE0E1E75-1796-47E4-90DA-6EFC29E89A9C}.Release|x64.ActiveCfg = Release|x64
		{AE0E1E75-1796-47E4-90DA-6EFC29E89A9C}.Release|x64.Build.0 = Release|x64
		{AE0E1E75-1796-47E4-90DA-6EFC29E89A9C}.Release|x86.ActiveCfg = Release|Win32
		{AE0E1E75-1796-47E4-90DA-6EFC29E89A9C}.Release|x86.Build.0 = Release|Win32
		{00AC6316-4CFA-4E74-8B19-F44CC0824CC5}.Debug|Any CPU.ActiveCfg = Debug|Win32
		{00AC6316-4CFA-4E74-8B19-F44CC0824CC5}.Debug|ARM.ActiveCfg = Debug|Win32
		{00AC6316-4CFA-4E74-8B19-F44CC0824CC5}.Debug|x64.ActiveCfg = Debug|x64
		{00AC6316-4CFA-4E74-8B19-F44CC0824CC5}.Debug|x64.Build.0 = Debug|x64
		{00AC6316-4CFA-4E74-8B19-F44CC0824CC5}.Debug|x86.ActiveCfg = Debug|Win32
		{00AC6316-4CFA-4E74-8B19-F44CC0824CC5}.Debug|x86.Build.0 = Debug|Win32
		{00AC6316-4CFA-4E74-8B19-F44CC0824CC5}.Release|Any CPU.ActiveCfg = Release|Win32
		{00AC6316-4CFA-4E74-8B19-F44CC0824CC5}.Release|ARM.ActiveCfg = Release|Win32
		{00AC6316-4CFA-4E74-8B19-F44CC0824CC5}.Release|x64.ActiveCfg = Release|x64
		{00AC6316-4CFA-4E74-8B19-F44CC0824CC5}.Release|x64.Build.0 = Release|x64
		{00AC6316-4CFA-4E74-8B19-F44CC0824CC5}.Release|x86.ActiveCfg = Release|Win32
		{00AC6316-4CFA-4E74-8B19-F44CC0824CC5}.Release|x86.Build.0 = Release|Win32
		{3576AF1A-99FA-457E-9FBD-9686ECBA8788}.Debug|Any CPU.ActiveCfg = Debug|Win32
		{3576AF1A-99FA-457E-9FBD-9686ECBA8788}.Debug|ARM.ActiveCfg = Debug|Win32
		{3576AF1A-99FA-457E-9FBD-9686ECBA8788}.Debug|x64.ActiveCfg = Debug|x64
		{3576AF1A-99FA-457E-9FBD-9686ECBA8788}.Debug|x64.Build.0 = Debug|x64
		{3576AF1A-99FA-457E-9FBD-9686ECBA8788}.Debug|x86.ActiveCfg = Debug|Win32
		{3576AF1A-99FA-457E-9FBD-9686ECBA8788}.Debug|x86.Build.0 = Debug|Win32
		{3576AF1A-99FA-457E-9FBD-9686ECBA8788}.Release|Any CPU.ActiveCfg = Release|Win32
		{3576AF1A-99FA-457E-9FBD-9686ECBA8788}.Release|ARM.ActiveCfg = Release|Win32
		{3576AF1A-99FA-457E-9FBD-9686ECBA8788}.Release|x64.ActiveCfg = Release|x64
		{3576AF1A-99FA-457E-9FBD-9686ECBA8788}.Release|x64.Build.0 = Release|x64
		{3576AF1A-99FA-457E-9FBD-9686ECBA8788}.Release|x86.ActiveCfg = Release|Win32
		{3576AF1A-99FA-457E-9FBD-9686ECBA8788}.Release|x86.Build.0 = Release|Win32
	EndGlobalSection
	GlobalSection(SolutionProperties) = preSolution
		HideSolutionNode = FALSE
	EndGlobalSection
EndGlobal
